
Microsoft Visual Studio Solution File, Format Version 12.00
# Visual Studio 15
VisualStudioVersion = 15.0.25302.0
MinimumVisualStudioVersion = 10.0.40219.1
Project("{2150E333-8FDC-42A3-9474-1A3956D46DE8}") = "Solution Items", "Solution Items", "{BAE5EAFC-F779-4872-9239-80F982A5DC64}"
	ProjectSection(SolutionItems) = preProject
		readme.md = readme.md
	EndProjectSection
EndProject
Project("{FAE04EC0-301F-11D3-BF4B-00C04F79EFBC}") = "St4mpede", "St4mpede\St4mpede.csproj", "{E4E14D98-28A2-466B-8F77-82E6BA2E681B}"
EndProject
Project("{FAE04EC0-301F-11D3-BF4B-00C04F79EFBC}") = "TheDAL", "TheDAL\TheDAL.csproj", "{5AC9477E-0348-4119-83BD-8FFFA27E170E}"
EndProject
Project("{2150E333-8FDC-42A3-9474-1A3956D46DE8}") = "Tests", "Tests", "{C3844AF0-78E0-40E0-9F8D-6744F7D78F33}"
EndProject
Project("{FAE04EC0-301F-11D3-BF4B-00C04F79EFBC}") = "St4mpede.Code.Test", "Tests\St4mpede.Code.Test\St4mpede.Code.Test.csproj", "{8312F702-214E-4484-92F7-9928CACA4102}"
EndProject
Project("{FAE04EC0-301F-11D3-BF4B-00C04F79EFBC}") = "St4mpede.Integration.Test", "Tests\St4mpede.Integration.Test\St4mpede.Integration.Test.csproj", "{6CCCADED-2647-48D6-A283-C4561485C869}"
EndProject
Project("{FAE04EC0-301F-11D3-BF4B-00C04F79EFBC}") = "St4mpede.Test", "Tests\St4mpede.Test\St4mpede.Test.csproj", "{CE9769B0-10A8-48F3-A370-B9B6115BB7F4}"
EndProject
Project("{2150E333-8FDC-42A3-9474-1A3956D46DE8}") = "Libs", "Libs", "{7CDFB456-C16F-4D7D-9488-A0EC7F0F24EA}"
EndProject
Project("{FAE04EC0-301F-11D3-BF4B-00C04F79EFBC}") = "St4mpede.Code", "Libs\St4mpede.Code\St4mpede.Code.csproj", "{B0C2D88C-3DDE-457A-A901-119C7DC2D86D}"
EndProject
Project("{FAE04EC0-301F-11D3-BF4B-00C04F79EFBC}") = "St4mpede.Sql", "Libs\St4mpede.Sql\St4mpede.Sql.csproj", "{355B7288-AECB-4661-B100-163B3C8F2246}"
EndProject
Project("{FAE04EC0-301F-11D3-BF4B-00C04F79EFBC}") = "St4mpede.Sql.Test", "Tests\St4mpede.Sql.Test\St4mpede.Sql.Test.csproj", "{B87FEAF9-D276-4BF7-83E6-99BDDFB017E8}"
EndProject
Global
	GlobalSection(SolutionConfigurationPlatforms) = preSolution
		Debug|Any CPU = Debug|Any CPU
		Release|Any CPU = Release|Any CPU
	EndGlobalSection
	GlobalSection(ProjectConfigurationPlatforms) = postSolution
		{E4E14D98-28A2-466B-8F77-82E6BA2E681B}.Debug|Any CPU.ActiveCfg = Debug|Any CPU
		{E4E14D98-28A2-466B-8F77-82E6BA2E681B}.Debug|Any CPU.Build.0 = Debug|Any CPU
		{E4E14D98-28A2-466B-8F77-82E6BA2E681B}.Release|Any CPU.ActiveCfg = Release|Any CPU
		{E4E14D98-28A2-466B-8F77-82E6BA2E681B}.Release|Any CPU.Build.0 = Release|Any CPU
		{5AC9477E-0348-4119-83BD-8FFFA27E170E}.Debug|Any CPU.ActiveCfg = Debug|Any CPU
		{5AC9477E-0348-4119-83BD-8FFFA27E170E}.Debug|Any CPU.Build.0 = Debug|Any CPU
		{5AC9477E-0348-4119-83BD-8FFFA27E170E}.Release|Any CPU.ActiveCfg = Release|Any CPU
		{5AC9477E-0348-4119-83BD-8FFFA27E170E}.Release|Any CPU.Build.0 = Release|Any CPU
		{8312F702-214E-4484-92F7-9928CACA4102}.Debug|Any CPU.ActiveCfg = Debug|Any CPU
		{8312F702-214E-4484-92F7-9928CACA4102}.Debug|Any CPU.Build.0 = Debug|Any CPU
		{8312F702-214E-4484-92F7-9928CACA4102}.Release|Any CPU.ActiveCfg = Release|Any CPU
		{8312F702-214E-4484-92F7-9928CACA4102}.Release|Any CPU.Build.0 = Release|Any CPU
		{6CCCADED-2647-48D6-A283-C4561485C869}.Debug|Any CPU.ActiveCfg = Debug|Any CPU
		{6CCCADED-2647-48D6-A283-C4561485C869}.Debug|Any CPU.Build.0 = Debug|Any CPU
		{6CCCADED-2647-48D6-A283-C4561485C869}.Release|Any CPU.ActiveCfg = Release|Any CPU
		{6CCCADED-2647-48D6-A283-C4561485C869}.Release|Any CPU.Build.0 = Release|Any CPU
		{CE9769B0-10A8-48F3-A370-B9B6115BB7F4}.Debug|Any CPU.ActiveCfg = Debug|Any CPU
		{CE9769B0-10A8-48F3-A370-B9B6115BB7F4}.Debug|Any CPU.Build.0 = Debug|Any CPU
		{CE9769B0-10A8-48F3-A370-B9B6115BB7F4}.Release|Any CPU.ActiveCfg = Release|Any CPU
		{CE9769B0-10A8-48F3-A370-B9B6115BB7F4}.Release|Any CPU.Build.0 = Release|Any CPU
		{B0C2D88C-3DDE-457A-A901-119C7DC2D86D}.Debug|Any CPU.ActiveCfg = Debug|Any CPU
		{B0C2D88C-3DDE-457A-A901-119C7DC2D86D}.Debug|Any CPU.Build.0 = Debug|Any CPU
		{B0C2D88C-3DDE-457A-A901-119C7DC2D86D}.Release|Any CPU.ActiveCfg = Release|Any CPU
		{B0C2D88C-3DDE-457A-A901-119C7DC2D86D}.Release|Any CPU.Build.0 = Release|Any CPU
		{355B7288-AECB-4661-B100-163B3C8F2246}.Debug|Any CPU.ActiveCfg = Debug|Any CPU
		{355B7288-AECB-4661-B100-163B3C8F2246}.Debug|Any CPU.Build.0 = Debug|Any CPU
		{355B7288-AECB-4661-B100-163B3C8F2246}.Release|Any CPU.ActiveCfg = Release|Any CPU
		{355B7288-AECB-4661-B100-163B3C8F2246}.Release|Any CPU.Build.0 = Release|Any CPU
		{B87FEAF9-D276-4BF7-83E6-99BDDFB017E8}.Debug|Any CPU.ActiveCfg = Debug|Any CPU
		{B87FEAF9-D276-4BF7-83E6-99BDDFB017E8}.Debug|Any CPU.Build.0 = Debug|Any CPU
		{B87FEAF9-D276-4BF7-83E6-99BDDFB017E8}.Release|Any CPU.ActiveCfg = Release|Any CPU
		{B87FEAF9-D276-4BF7-83E6-99BDDFB017E8}.Release|Any CPU.Build.0 = Release|Any CPU
	EndGlobalSection
	GlobalSection(SolutionProperties) = preSolution
		HideSolutionNode = FALSE
	EndGlobalSection
	GlobalSection(NestedProjects) = preSolution
		{8312F702-214E-4484-92F7-9928CACA4102} = {C3844AF0-78E0-40E0-9F8D-6744F7D78F33}
		{6CCCADED-2647-48D6-A283-C4561485C869} = {C3844AF0-78E0-40E0-9F8D-6744F7D78F33}
		{CE9769B0-10A8-48F3-A370-B9B6115BB7F4} = {C3844AF0-78E0-40E0-9F8D-6744F7D78F33}
		{B0C2D88C-3DDE-457A-A901-119C7DC2D86D} = {7CDFB456-C16F-4D7D-9488-A0EC7F0F24EA}
		{355B7288-AECB-4661-B100-163B3C8F2246} = {7CDFB456-C16F-4D7D-9488-A0EC7F0F24EA}
		{B87FEAF9-D276-4BF7-83E6-99BDDFB017E8} = {C3844AF0-78E0-40E0-9F8D-6744F7D78F33}
	EndGlobalSection
EndGlobal
